// !$*UTF8*$!
{
	archiveVersion = 1;
	classes = {
	};
	objectVersion = 56;
	objects = {

/* Begin PBXBuildFile section */
		C447C5942BFA4F5300F0EB33 /* TaskForArbuzKZApp.swift in Sources */ = {isa = PBXBuildFile; fileRef = C447C5932BFA4F5300F0EB33 /* TaskForArbuzKZApp.swift */; };
		C447C5962BFA4F5300F0EB33 /* MainView.swift in Sources */ = {isa = PBXBuildFile; fileRef = C447C5952BFA4F5300F0EB33 /* MainView.swift */; };
		C447C5982BFA4F5600F0EB33 /* Assets.xcassets in Resources */ = {isa = PBXBuildFile; fileRef = C447C5972BFA4F5600F0EB33 /* Assets.xcassets */; };
		C447C59B2BFA4F5600F0EB33 /* Preview Assets.xcassets in Resources */ = {isa = PBXBuildFile; fileRef = C447C59A2BFA4F5600F0EB33 /* Preview Assets.xcassets */; };
		C447C5A22BFA522D00F0EB33 /* NavigationControllerWrapper.swift in Sources */ = {isa = PBXBuildFile; fileRef = C447C5A12BFA522D00F0EB33 /* NavigationControllerWrapper.swift */; };
		C447C5A82BFA56B500F0EB33 /* TabBarView.swift in Sources */ = {isa = PBXBuildFile; fileRef = C447C5A72BFA56B500F0EB33 /* TabBarView.swift */; };
		C447C5AA2BFA578500F0EB33 /* CartView.swift in Sources */ = {isa = PBXBuildFile; fileRef = C447C5A92BFA578500F0EB33 /* CartView.swift */; };
		C447C5B02BFA5A9400F0EB33 /* MainViewModel.swift in Sources */ = {isa = PBXBuildFile; fileRef = C447C5AF2BFA5A9400F0EB33 /* MainViewModel.swift */; };
		C447C5B22BFA5AB600F0EB33 /* Product.swift in Sources */ = {isa = PBXBuildFile; fileRef = C447C5B12BFA5AB600F0EB33 /* Product.swift */; };
		C447C5B42BFA5AD900F0EB33 /* Position.swift in Sources */ = {isa = PBXBuildFile; fileRef = C447C5B32BFA5AD900F0EB33 /* Position.swift */; };
		C447C5B62BFA5B1200F0EB33 /* CartViewModel.swift in Sources */ = {isa = PBXBuildFile; fileRef = C447C5B52BFA5B1200F0EB33 /* CartViewModel.swift */; };
		C447C5B82BFA5D2A00F0EB33 /* ProductCell.swift in Sources */ = {isa = PBXBuildFile; fileRef = C447C5B72BFA5D2A00F0EB33 /* ProductCell.swift */; };
		C447C5BA2BFA5D4800F0EB33 /* PositionCell.swift in Sources */ = {isa = PBXBuildFile; fileRef = C447C5B92BFA5D4800F0EB33 /* PositionCell.swift */; };
		C447C5BD2BFA87A600F0EB33 /* PaymentView.swift in Sources */ = {isa = PBXBuildFile; fileRef = C447C5BC2BFA87A600F0EB33 /* PaymentView.swift */; };
		C447C5BF2BFA8C2C00F0EB33 /* ProductDetailView.swift in Sources */ = {isa = PBXBuildFile; fileRef = C447C5BE2BFA8C2C00F0EB33 /* ProductDetailView.swift */; };
		C447C5C12BFA8C5B00F0EB33 /* ProductDetailViewModel.swift in Sources */ = {isa = PBXBuildFile; fileRef = C447C5C02BFA8C5B00F0EB33 /* ProductDetailViewModel.swift */; };
/* End PBXBuildFile section */

/* Begin PBXFileReference section */
		C447C5902BFA4F5300F0EB33 /* TaskForArbuzKZ.app */ = {isa = PBXFileReference; explicitFileType = wrapper.application; includeInIndex = 0; path = TaskForArbuzKZ.app; sourceTree = BUILT_PRODUCTS_DIR; };
		C447C5932BFA4F5300F0EB33 /* TaskForArbuzKZApp.swift */ = {isa = PBXFileReference; lastKnownFileType = sourcecode.swift; path = TaskForArbuzKZApp.swift; sourceTree = "<group>"; };
		C447C5952BFA4F5300F0EB33 /* MainView.swift */ = {isa = PBXFileReference; lastKnownFileType = sourcecode.swift; path = MainView.swift; sourceTree = "<group>"; };
		C447C5972BFA4F5600F0EB33 /* Assets.xcassets */ = {isa = PBXFileReference; lastKnownFileType = folder.assetcatalog; path = Assets.xcassets; sourceTree = "<group>"; };
		C447C59A2BFA4F5600F0EB33 /* Preview Assets.xcassets */ = {isa = PBXFileReference; lastKnownFileType = folder.assetcatalog; path = "Preview Assets.xcassets"; sourceTree = "<group>"; };
		C447C5A12BFA522D00F0EB33 /* NavigationControllerWrapper.swift */ = {isa = PBXFileReference; lastKnownFileType = sourcecode.swift; path = NavigationControllerWrapper.swift; sourceTree = "<group>"; };
		C447C5A72BFA56B500F0EB33 /* TabBarView.swift */ = {isa = PBXFileReference; lastKnownFileType = sourcecode.swift; path = TabBarView.swift; sourceTree = "<group>"; };
		C447C5A92BFA578500F0EB33 /* CartView.swift */ = {isa = PBXFileReference; lastKnownFileType = sourcecode.swift; path = CartView.swift; sourceTree = "<group>"; };
		C447C5AF2BFA5A9400F0EB33 /* MainViewModel.swift */ = {isa = PBXFileReference; lastKnownFileType = sourcecode.swift; path = MainViewModel.swift; sourceTree = "<group>"; };
		C447C5B12BFA5AB600F0EB33 /* Product.swift */ = {isa = PBXFileReference; lastKnownFileType = sourcecode.swift; path = Product.swift; sourceTree = "<group>"; };
		C447C5B32BFA5AD900F0EB33 /* Position.swift */ = {isa = PBXFileReference; lastKnownFileType = sourcecode.swift; path = Position.swift; sourceTree = "<group>"; };
		C447C5B52BFA5B1200F0EB33 /* CartViewModel.swift */ = {isa = PBXFileReference; lastKnownFileType = sourcecode.swift; path = CartViewModel.swift; sourceTree = "<group>"; };
		C447C5B72BFA5D2A00F0EB33 /* ProductCell.swift */ = {isa = PBXFileReference; lastKnownFileType = sourcecode.swift; path = ProductCell.swift; sourceTree = "<group>"; };
		C447C5B92BFA5D4800F0EB33 /* PositionCell.swift */ = {isa = PBXFileReference; lastKnownFileType = sourcecode.swift; path = PositionCell.swift; sourceTree = "<group>"; };
		C447C5BC2BFA87A600F0EB33 /* PaymentView.swift */ = {isa = PBXFileReference; lastKnownFileType = sourcecode.swift; path = PaymentView.swift; sourceTree = "<group>"; };
		C447C5BE2BFA8C2C00F0EB33 /* ProductDetailView.swift */ = {isa = PBXFileReference; lastKnownFileType = sourcecode.swift; path = ProductDetailView.swift; sourceTree = "<group>"; };
		C447C5C02BFA8C5B00F0EB33 /* ProductDetailViewModel.swift */ = {isa = PBXFileReference; lastKnownFileType = sourcecode.swift; path = ProductDetailViewModel.swift; sourceTree = "<group>"; };
/* End PBXFileReference section */

/* Begin PBXFrameworksBuildPhase section */
		C447C58D2BFA4F5300F0EB33 /* Frameworks */ = {
			isa = PBXFrameworksBuildPhase;
			buildActionMask = 2147483647;
			files = (
			);
			runOnlyForDeploymentPostprocessing = 0;
		};
/* End PBXFrameworksBuildPhase section */

/* Begin PBXGroup section */
		C447C5872BFA4F5300F0EB33 = {
			isa = PBXGroup;
			children = (
				C447C5922BFA4F5300F0EB33 /* TaskForArbuzKZ */,
				C447C5912BFA4F5300F0EB33 /* Products */,
			);
			sourceTree = "<group>";
		};
		C447C5912BFA4F5300F0EB33 /* Products */ = {
			isa = PBXGroup;
			children = (
				C447C5902BFA4F5300F0EB33 /* TaskForArbuzKZ.app */,
			);
			name = Products;
			sourceTree = "<group>";
		};
		C447C5922BFA4F5300F0EB33 /* TaskForArbuzKZ */ = {
			isa = PBXGroup;
			children = (
				C447C5932BFA4F5300F0EB33 /* TaskForArbuzKZApp.swift */,
				C447C5BB2BFA5D4D00F0EB33 /* Components */,
				C447C5AE2BFA5A7B00F0EB33 /* Model */,
				C447C5AB2BFA586500F0EB33 /* View */,
				C447C5AD2BFA59DD00F0EB33 /* ViewModel */,
				C447C5AC2BFA587700F0EB33 /* Extensions */,
				C447C5972BFA4F5600F0EB33 /* Assets.xcassets */,
				C447C5992BFA4F5600F0EB33 /* Preview Content */,
			);
			path = TaskForArbuzKZ;
			sourceTree = "<group>";
		};
		C447C5992BFA4F5600F0EB33 /* Preview Content */ = {
			isa = PBXGroup;
			children = (
				C447C59A2BFA4F5600F0EB33 /* Preview Assets.xcassets */,
			);
			path = "Preview Content";
			sourceTree = "<group>";
		};
		C447C5AB2BFA586500F0EB33 /* View */ = {
			isa = PBXGroup;
			children = (
				C447C5A72BFA56B500F0EB33 /* TabBarView.swift */,
				C447C5952BFA4F5300F0EB33 /* MainView.swift */,
				C447C5A92BFA578500F0EB33 /* CartView.swift */,
				C447C5BE2BFA8C2C00F0EB33 /* ProductDetailView.swift */,
				C447C5BC2BFA87A600F0EB33 /* PaymentView.swift */,
			);
			path = View;
			sourceTree = "<group>";
		};
		C447C5AC2BFA587700F0EB33 /* Extensions */ = {
			isa = PBXGroup;
			children = (
				C447C5A12BFA522D00F0EB33 /* NavigationControllerWrapper.swift */,
			);
			path = Extensions;
			sourceTree = "<group>";
		};
		C447C5AD2BFA59DD00F0EB33 /* ViewModel */ = {
			isa = PBXGroup;
			children = (
				C447C5AF2BFA5A9400F0EB33 /* MainViewModel.swift */,
				C447C5B52BFA5B1200F0EB33 /* CartViewModel.swift */,
				C447C5C02BFA8C5B00F0EB33 /* ProductDetailViewModel.swift */,
			);
			path = ViewModel;
			sourceTree = "<group>";
		};
		C447C5AE2BFA5A7B00F0EB33 /* Model */ = {
			isa = PBXGroup;
			children = (
				C447C5B12BFA5AB600F0EB33 /* Product.swift */,
				C447C5B32BFA5AD900F0EB33 /* Position.swift */,
			);
			path = Model;
			sourceTree = "<group>";
		};
		C447C5BB2BFA5D4D00F0EB33 /* Components */ = {
			isa = PBXGroup;
			children = (
				C447C5B72BFA5D2A00F0EB33 /* ProductCell.swift */,
				C447C5B92BFA5D4800F0EB33 /* PositionCell.swift */,
			);
			path = Components;
			sourceTree = "<group>";
		};
/* End PBXGroup section */

/* Begin PBXNativeTarget section */
		C447C58F2BFA4F5300F0EB33 /* TaskForArbuzKZ */ = {
			isa = PBXNativeTarget;
			buildConfigurationList = C447C59E2BFA4F5600F0EB33 /* Build configuration list for PBXNativeTarget "TaskForArbuzKZ" */;
			buildPhases = (
				C447C58C2BFA4F5300F0EB33 /* Sources */,
				C447C58D2BFA4F5300F0EB33 /* Frameworks */,
				C447C58E2BFA4F5300F0EB33 /* Resources */,
			);
			buildRules = (
			);
			dependencies = (
			);
			name = TaskForArbuzKZ;
			productName = TaskForArbuzKZ;
			productReference = C447C5902BFA4F5300F0EB33 /* TaskForArbuzKZ.app */;
			productType = "com.apple.product-type.application";
		};
/* End PBXNativeTarget section */

/* Begin PBXProject section */
		C447C5882BFA4F5300F0EB33 /* Project object */ = {
			isa = PBXProject;
			attributes = {
				BuildIndependentTargetsInParallel = 1;
				LastSwiftUpdateCheck = 1540;
				LastUpgradeCheck = 1540;
				TargetAttributes = {
					C447C58F2BFA4F5300F0EB33 = {
						CreatedOnToolsVersion = 15.4;
					};
				};
			};
			buildConfigurationList = C447C58B2BFA4F5300F0EB33 /* Build configuration list for PBXProject "TaskForArbuzKZ" */;
			compatibilityVersion = "Xcode 14.0";
			developmentRegion = en;
			hasScannedForEncodings = 0;
			knownRegions = (
				en,
				Base,
			);
			mainGroup = C447C5872BFA4F5300F0EB33;
			productRefGroup = C447C5912BFA4F5300F0EB33 /* Products */;
			projectDirPath = "";
			projectRoot = "";
			targets = (
				C447C58F2BFA4F5300F0EB33 /* TaskForArbuzKZ */,
			);
		};
/* End PBXProject section */

/* Begin PBXResourcesBuildPhase section */
		C447C58E2BFA4F5300F0EB33 /* Resources */ = {
			isa = PBXResourcesBuildPhase;
			buildActionMask = 2147483647;
			files = (
				C447C59B2BFA4F5600F0EB33 /* Preview Assets.xcassets in Resources */,
				C447C5982BFA4F5600F0EB33 /* Assets.xcassets in Resources */,
			);
			runOnlyForDeploymentPostprocessing = 0;
		};
/* End PBXResourcesBuildPhase section */

/* Begin PBXSourcesBuildPhase section */
		C447C58C2BFA4F5300F0EB33 /* Sources */ = {
			isa = PBXSourcesBuildPhase;
			buildActionMask = 2147483647;
			files = (
				C447C5AA2BFA578500F0EB33 /* CartView.swift in Sources */,
				C447C5BD2BFA87A600F0EB33 /* PaymentView.swift in Sources */,
				C447C5962BFA4F5300F0EB33 /* MainView.swift in Sources */,
				C447C5C12BFA8C5B00F0EB33 /* ProductDetailViewModel.swift in Sources */,
				C447C5A82BFA56B500F0EB33 /* TabBarView.swift in Sources */,
				C447C5942BFA4F5300F0EB33 /* TaskForArbuzKZApp.swift in Sources */,
				C447C5A22BFA522D00F0EB33 /* NavigationControllerWrapper.swift in Sources */,
				C447C5B02BFA5A9400F0EB33 /* MainViewModel.swift in Sources */,
				C447C5B62BFA5B1200F0EB33 /* CartViewModel.swift in Sources */,
				C447C5B82BFA5D2A00F0EB33 /* ProductCell.swift in Sources */,
				C447C5B42BFA5AD900F0EB33 /* Position.swift in Sources */,
				C447C5BF2BFA8C2C00F0EB33 /* ProductDetailView.swift in Sources */,
				C447C5B22BFA5AB600F0EB33 /* Product.swift in Sources */,
				C447C5BA2BFA5D4800F0EB33 /* PositionCell.swift in Sources */,
			);
			runOnlyForDeploymentPostprocessing = 0;
		};
/* End PBXSourcesBuildPhase section */

/* Begin XCBuildConfiguration section */
		C447C59C2BFA4F5600F0EB33 /* Debug */ = {
			isa = XCBuildConfiguration;
			buildSettings = {
				ALWAYS_SEARCH_USER_PATHS = NO;
				ASSETCATALOG_COMPILER_GENERATE_SWIFT_ASSET_SYMBOL_EXTENSIONS = YES;
				CLANG_ANALYZER_NONNULL = YES;
				CLANG_ANALYZER_NUMBER_OBJECT_CONVERSION = YES_AGGRESSIVE;
				CLANG_CXX_LANGUAGE_STANDARD = "gnu++20";
				CLANG_ENABLE_MODULES = YES;
				CLANG_ENABLE_OBJC_ARC = YES;
				CLANG_ENABLE_OBJC_WEAK = YES;
				CLANG_WARN_BLOCK_CAPTURE_AUTORELEASING = YES;
				CLANG_WARN_BOOL_CONVERSION = YES;
				CLANG_WARN_COMMA = YES;
				CLANG_WARN_CONSTANT_CONVERSION = YES;
				CLANG_WARN_DEPRECATED_OBJC_IMPLEMENTATIONS = YES;
				CLANG_WARN_DIRECT_OBJC_ISA_USAGE = YES_ERROR;
				CLANG_WARN_DOCUMENTATION_COMMENTS = YES;
				CLANG_WARN_EMPTY_BODY = YES;
				CLANG_WARN_ENUM_CONVERSION = YES;
				CLANG_WARN_INFINITE_RECURSION = YES;
				CLANG_WARN_INT_CONVERSION = YES;
				CLANG_WARN_NON_LITERAL_NULL_CONVERSION = YES;
				CLANG_WARN_OBJC_IMPLICIT_RETAIN_SELF = YES;
				CLANG_WARN_OBJC_LITERAL_CONVERSION = YES;
				CLANG_WARN_OBJC_ROOT_CLASS = YES_ERROR;
				CLANG_WARN_QUOTED_INCLUDE_IN_FRAMEWORK_HEADER = YES;
				CLANG_WARN_RANGE_LOOP_ANALYSIS = YES;
				CLANG_WARN_STRICT_PROTOTYPES = YES;
				CLANG_WARN_SUSPICIOUS_MOVE = YES;
				CLANG_WARN_UNGUARDED_AVAILABILITY = YES_AGGRESSIVE;
				CLANG_WARN_UNREACHABLE_CODE = YES;
				CLANG_WARN__DUPLICATE_METHOD_MATCH = YES;
				COPY_PHASE_STRIP = NO;
				DEBUG_INFORMATION_FORMAT = dwarf;
				ENABLE_STRICT_OBJC_MSGSEND = YES;
				ENABLE_TESTABILITY = YES;
				ENABLE_USER_SCRIPT_SANDBOXING = YES;
				GCC_C_LANGUAGE_STANDARD = gnu17;
				GCC_DYNAMIC_NO_PIC = NO;
				GCC_NO_COMMON_BLOCKS = YES;
				GCC_OPTIMIZATION_LEVEL = 0;
				GCC_PREPROCESSOR_DEFINITIONS = (
					"DEBUG=1",
					"$(inherited)",
				);
				GCC_WARN_64_TO_32_BIT_CONVERSION = YES;
				GCC_WARN_ABOUT_RETURN_TYPE = YES_ERROR;
				GCC_WARN_UNDECLARED_SELECTOR = YES;
				GCC_WARN_UNINITIALIZED_AUTOS = YES_AGGRESSIVE;
				GCC_WARN_UNUSED_FUNCTION = YES;
				GCC_WARN_UNUSED_VARIABLE = YES;
				IPHONEOS_DEPLOYMENT_TARGET = 14.0;
				LOCALIZATION_PREFERS_STRING_CATALOGS = YES;
				MTL_ENABLE_DEBUG_INFO = INCLUDE_SOURCE;
				MTL_FAST_MATH = YES;
				ONLY_ACTIVE_ARCH = YES;
				SDKROOT = iphoneos;
				SWIFT_ACTIVE_COMPILATION_CONDITIONS = "DEBUG $(inherited)";
				SWIFT_OPTIMIZATION_LEVEL = "-Onone";
			};
			name = Debug;
		};
		C447C59D2BFA4F5600F0EB33 /* Release */ = {
			isa = XCBuildConfiguration;
			buildSettings = {
				ALWAYS_SEARCH_USER_PATHS = NO;
				ASSETCATALOG_COMPILER_GENERATE_SWIFT_ASSET_SYMBOL_EXTENSIONS = YES;
				CLANG_ANALYZER_NONNULL = YES;
				CLANG_ANALYZER_NUMBER_OBJECT_CONVERSION = YES_AGGRESSIVE;
				CLANG_CXX_LANGUAGE_STANDARD = "gnu++20";
				CLANG_ENABLE_MODULES = YES;
				CLANG_ENABLE_OBJC_ARC = YES;
				CLANG_ENABLE_OBJC_WEAK = YES;
				CLANG_WARN_BLOCK_CAPTURE_AUTORELEASING = YES;
				CLANG_WARN_BOOL_CONVERSION = YES;
				CLANG_WARN_COMMA = YES;
				CLANG_WARN_CONSTANT_CONVERSION = YES;
				CLANG_WARN_DEPRECATED_OBJC_IMPLEMENTATIONS = YES;
				CLANG_WARN_DIRECT_OBJC_ISA_USAGE = YES_ERROR;
				CLANG_WARN_DOCUMENTATION_COMMENTS = YES;
				CLANG_WARN_EMPTY_BODY = YES;
				CLANG_WARN_ENUM_CONVERSION = YES;
				CLANG_WARN_INFINITE_RECURSION = YES;
				CLANG_WARN_INT_CONVERSION = YES;
				CLANG_WARN_NON_LITERAL_NULL_CONVERSION = YES;
				CLANG_WARN_OBJC_IMPLICIT_RETAIN_SELF = YES;
				CLANG_WARN_OBJC_LITERAL_CONVERSION = YES;
				CLANG_WARN_OBJC_ROOT_CLASS = YES_ERROR;
				CLANG_WARN_QUOTED_INCLUDE_IN_FRAMEWORK_HEADER = YES;
				CLANG_WARN_RANGE_LOOP_ANALYSIS = YES;
				CLANG_WARN_STRICT_PROTOTYPES = YES;
				CLANG_WARN_SUSPICIOUS_MOVE = YES;
				CLANG_WARN_UNGUARDED_AVAILABILITY = YES_AGGRESSIVE;
				CLANG_WARN_UNREACHABLE_CODE = YES;
				CLANG_WARN__DUPLICATE_METHOD_MATCH = YES;
				COPY_PHASE_STRIP = NO;
				DEBUG_INFORMATION_FORMAT = "dwarf-with-dsym";
				ENABLE_NS_ASSERTIONS = NO;
				ENABLE_STRICT_OBJC_MSGSEND = YES;
				ENABLE_USER_SCRIPT_SANDBOXING = YES;
				GCC_C_LANGUAGE_STANDARD = gnu17;
				GCC_NO_COMMON_BLOCKS = YES;
				GCC_WARN_64_TO_32_BIT_CONVERSION = YES;
				GCC_WARN_ABOUT_RETURN_TYPE = YES_ERROR;
				GCC_WARN_UNDECLARED_SELECTOR = YES;
				GCC_WARN_UNINITIALIZED_AUTOS = YES_AGGRESSIVE;
				GCC_WARN_UNUSED_FUNCTION = YES;
				GCC_WARN_UNUSED_VARIABLE = YES;
				IPHONEOS_DEPLOYMENT_TARGET = 14.0;
				LOCALIZATION_PREFERS_STRING_CATALOGS = YES;
				MTL_ENABLE_DEBUG_INFO = NO;
				MTL_FAST_MATH = YES;
				SDKROOT = iphoneos;
				SWIFT_COMPILATION_MODE = wholemodule;
				VALIDATE_PRODUCT = YES;
			};
			name = Release;
		};
		C447C59F2BFA4F5600F0EB33 /* Debug */ = {
			isa = XCBuildConfiguration;
			buildSettings = {
				ASSETCATALOG_COMPILER_APPICON_NAME = AppIcon;
				ASSETCATALOG_COMPILER_GLOBAL_ACCENT_COLOR_NAME = AccentColor;
				CODE_SIGN_STYLE = Automatic;
				CURRENT_PROJECT_VERSION = 1;
				DEVELOPMENT_ASSET_PATHS = "\"TaskForArbuzKZ/Preview Content\"";
				DEVELOPMENT_TEAM = 477SFTV837;
				ENABLE_PREVIEWS = YES;
				GENERATE_INFOPLIST_FILE = YES;
				INFOPLIST_KEY_UIApplicationSceneManifest_Generation = YES;
				INFOPLIST_KEY_UIApplicationSupportsIndirectInputEvents = YES;
				INFOPLIST_KEY_UILaunchScreen_Generation = YES;
				INFOPLIST_KEY_UISupportedInterfaceOrientations_iPad = "UIInterfaceOrientationPortrait UIInterfaceOrientationPortraitUpsideDown UIInterfaceOrientationLandscapeLeft UIInterfaceOrientationLandscapeRight";
				INFOPLIST_KEY_UISupportedInterfaceOrientations_iPhone = "UIInterfaceOrientationPortrait UIInterfaceOrientationLandscapeLeft UIInterfaceOrientationLandscapeRight";
				IPHONEOS_DEPLOYMENT_TARGET = 14.0;
				LD_RUNPATH_SEARCH_PATHS = (
					"$(inherited)",
					"@executable_path/Frameworks",
				);
				MARKETING_VERSION = 1.0;
				PRODUCT_BUNDLE_IDENTIFIER = mereybulatova.TaskForArbuzKZ;
				PRODUCT_NAME = "$(TARGET_NAME)";
				SWIFT_EMIT_LOC_STRINGS = YES;
				SWIFT_VERSION = 5.0;
				TARGETED_DEVICE_FAMILY = "1,2";
			};
			name = Debug;
		};
		C447C5A02BFA4F5600F0EB33 /* Release */ = {
			isa = XCBuildConfiguration;
			buildSettings = {
				ASSETCATALOG_COMPILER_APPICON_NAME = AppIcon;
				ASSETCATALOG_COMPILER_GLOBAL_ACCENT_COLOR_NAME = AccentColor;
				CODE_SIGN_STYLE = Automatic;
				CURRENT_PROJECT_VERSION = 1;
				DEVELOPMENT_ASSET_PATHS = "\"TaskForArbuzKZ/Preview Content\"";
				DEVELOPMENT_TEAM = 477SFTV837;
				ENABLE_PREVIEWS = YES;
				GENERATE_INFOPLIST_FILE = YES;
				INFOPLIST_KEY_UIApplicationSceneManifest_Generation = YES;
				INFOPLIST_KEY_UIApplicationSupportsIndirectInputEvents = YES;
				INFOPLIST_KEY_UILaunchScreen_Generation = YES;
				INFOPLIST_KEY_UISupportedInterfaceOrientations_iPad = "UIInterfaceOrientationPortrait UIInterfaceOrientationPortraitUpsideDown UIInterfaceOrientationLandscapeLeft UIInterfaceOrientationLandscapeRight";
				INFOPLIST_KEY_UISupportedInterfaceOrientations_iPhone = "UIInterfaceOrientationPortrait UIInterfaceOrientationLandscapeLeft UIInterfaceOrientationLandscapeRight";
				IPHONEOS_DEPLOYMENT_TARGET = 14.0;
				LD_RUNPATH_SEARCH_PATHS = (
					"$(inherited)",
					"@executable_path/Frameworks",
				);
				MARKETING_VERSION = 1.0;
				PRODUCT_BUNDLE_IDENTIFIER = mereybulatova.TaskForArbuzKZ;
				PRODUCT_NAME = "$(TARGET_NAME)";
				SWIFT_EMIT_LOC_STRINGS = YES;
				SWIFT_VERSION = 5.0;
				TARGETED_DEVICE_FAMILY = "1,2";
			};
			name = Release;
		};
/* End XCBuildConfiguration section */

/* Begin XCConfigurationList section */
		C447C58B2BFA4F5300F0EB33 /* Build configuration list for PBXProject "TaskForArbuzKZ" */ = {
			isa = XCConfigurationList;
			buildConfigurations = (
				C447C59C2BFA4F5600F0EB33 /* Debug */,
				C447C59D2BFA4F5600F0EB33 /* Release */,
			);
			defaultConfigurationIsVisible = 0;
			defaultConfigurationName = Release;
		};
		C447C59E2BFA4F5600F0EB33 /* Build configuration list for PBXNativeTarget "TaskForArbuzKZ" */ = {
			isa = XCConfigurationList;
			buildConfigurations = (
				C447C59F2BFA4F5600F0EB33 /* Debug */,
				C447C5A02BFA4F5600F0EB33 /* Release */,
			);
			defaultConfigurationIsVisible = 0;
			defaultConfigurationName = Release;
		};
/* End XCConfigurationList section */
	};
	rootObject = C447C5882BFA4F5300F0EB33 /* Project object */;
}
